{
  "originHash" : "188afed383a365b227e03aa33152d747afb7cea9c67de480a29b8a41e7faa00e",
  "pins" : [
    {
      "identity" : "capacitor-swift-pm",
      "kind" : "remoteSourceControl",
      "location" : "https://github.com/ionic-team/capacitor-swift-pm.git",
      "state" : {
        "revision" : "3fe94bbbe43e63ada75aa6788fc10e3764622a97",
        "version" : "6.2.1"
      }
    }
  ],
  "version" : 3
}
